
Microsoft Visual Studio Solution File, Format Version 12.00
# Visual Studio Version 17
VisualStudioVersion = 17.7.34221.43
MinimumVisualStudioVersion = 10.0.40219.1
Project("{FAE04EC0-301F-11D3-BF4B-00C04F79EFBC}") = "FileIntegrity", "FileIntegrity\FileIntegrity.csproj", "{EB429065-07FE-4812-AC9B-9D6774B63235}"
EndProject
Project("{FAE04EC0-301F-11D3-BF4B-00C04F79EFBC}") = "FileIntegrity.Tests", "FileIntegrity.Tests\FileIntegrity.Tests.csproj", "{1543C963-859A-4949-9D1B-1E0915F23D33}"
EndProject
Project("{FAE04EC0-301F-11D3-BF4B-00C04F79EFBC}") = "FileIntegrity.Bench", "FileIntegrity.Bench\FileIntegrity.Bench.csproj", "{829401F6-D10F-4F54-9B95-CD8C7495A61F}"
EndProject
Global
	GlobalSection(SolutionConfigurationPlatforms) = preSolution
		Debug|Any CPU = Debug|Any CPU
		Release|Any CPU = Release|Any CPU
	EndGlobalSection
	GlobalSection(ProjectConfigurationPlatforms) = postSolution
		{EB429065-07FE-4812-AC9B-9D6774B63235}.Debug|Any CPU.ActiveCfg = Debug|Any CPU
		{EB429065-07FE-4812-AC9B-9D6774B63235}.Debug|Any CPU.Build.0 = Debug|Any CPU
		{EB429065-07FE-4812-AC9B-9D6774B63235}.Release|Any CPU.ActiveCfg = Release|Any CPU
		{EB429065-07FE-4812-AC9B-9D6774B63235}.Release|Any CPU.Build.0 = Release|Any CPU
		{1543C963-859A-4949-9D1B-1E0915F23D33}.Debug|Any CPU.ActiveCfg = Debug|Any CPU
		{1543C963-859A-4949-9D1B-1E0915F23D33}.Debug|Any CPU.Build.0 = Debug|Any CPU
		{1543C963-859A-4949-9D1B-1E0915F23D33}.Release|Any CPU.ActiveCfg = Release|Any CPU
		{1543C963-859A-4949-9D1B-1E0915F23D33}.Release|Any CPU.Build.0 = Release|Any CPU
		{829401F6-D10F-4F54-9B95-CD8C7495A61F}.Debug|Any CPU.ActiveCfg = Debug|Any CPU
		{829401F6-D10F-4F54-9B95-CD8C7495A61F}.Debug|Any CPU.Build.0 = Debug|Any CPU
		{829401F6-D10F-4F54-9B95-CD8C7495A61F}.Release|Any CPU.ActiveCfg = Release|Any CPU
		{829401F6-D10F-4F54-9B95-CD8C7495A61F}.Release|Any CPU.Build.0 = Release|Any CPU
	EndGlobalSection
	GlobalSection(SolutionProperties) = preSolution
		HideSolutionNode = FALSE
	EndGlobalSection
	GlobalSection(ExtensibilityGlobals) = postSolution
		SolutionGuid = {0074BC6F-5980-40C9-8048-6A601C6E36EC}
	EndGlobalSection
EndGlobal
